
Microsoft Visual Studio Solution File, Format Version 12.00
# Visual Studio 2012
Project("{FAE04EC0-301F-11D3-BF4B-00C04F79EFBC}") = "Products", "Products\Products.csproj", "{8149F13B-49C7-44DC-AE17-8ED6BD84082C}"
EndProject
Global
	GlobalSection(SolutionConfigurationPlatforms) = preSolution
		Debug|Any CPU = Debug|Any CPU
		Release|Any CPU = Release|Any CPU
	EndGlobalSection
	GlobalSection(ProjectConfigurationPlatforms) = postSolution
		{8149F13B-49C7-44DC-AE17-8ED6BD84082C}.Debug|Any CPU.ActiveCfg = Debug|Any CPU
		{8149F13B-49C7-44DC-AE17-8ED6BD84082C}.Debug|Any CPU.Build.0 = Debug|Any CPU
		{8149F13B-49C7-44DC-AE17-8ED6BD84082C}.Release|Any CPU.ActiveCfg = Release|Any CPU
		{8149F13B-49C7-44DC-AE17-8ED6BD84082C}.Release|Any CPU.Build.0 = Release|Any CPU
	EndGlobalSection
EndGlobal
